
Microsoft Visual Studio Solution File, Format Version 12.00
# Visual Studio 14
VisualStudioVersion = 14.0.25123.0
MinimumVisualStudioVersion = 10.0.40219.1
Project("{FAE04EC0-301F-11D3-BF4B-00C04F79EFBC}") = "NextToLastString", "NextToLastString\NextToLastString.csproj", "{1ABE987E-F1D7-4941-850D-47107AD22BBA}"
EndProject
Global
	GlobalSection(SolutionConfigurationPlatforms) = preSolution
		Debug|Any CPU = Debug|Any CPU
		Release|Any CPU = Release|Any CPU
	EndGlobalSection
	GlobalSection(ProjectConfigurationPlatforms) = postSolution
		{1ABE987E-F1D7-4941-850D-47107AD22BBA}.Debug|Any CPU.ActiveCfg = Debug|Any CPU
		{1ABE987E-F1D7-4941-850D-47107AD22BBA}.Debug|Any CPU.Build.0 = Debug|Any CPU
		{1ABE987E-F1D7-4941-850D-47107AD22BBA}.Release|Any CPU.ActiveCfg = Release|Any CPU
		{1ABE987E-F1D7-4941-850D-47107AD22BBA}.Release|Any CPU.Build.0 = Release|Any CPU
	EndGlobalSection
	GlobalSection(SolutionProperties) = preSolution
		HideSolutionNode = FALSE
	EndGlobalSection
EndGlobal
